
Microsoft Visual Studio Solution File, Format Version 12.00
# Visual Studio Version 16
VisualStudioVersion = 16.0.31702.278
MinimumVisualStudioVersion = 10.0.40219.1
Project("{FAE04EC0-301F-11D3-BF4B-00C04F79EFBC}") = "Exercitiul7", "Exercitiul7\Exercitiul7.csproj", "{59EB47B9-C0C6-4E10-9B17-3F9E9CFA650A}"
EndProject
Global
	GlobalSection(SolutionConfigurationPlatforms) = preSolution
		Debug|Any CPU = Debug|Any CPU
		Release|Any CPU = Release|Any CPU
	EndGlobalSection
	GlobalSection(ProjectConfigurationPlatforms) = postSolution
		{59EB47B9-C0C6-4E10-9B17-3F9E9CFA650A}.Debug|Any CPU.ActiveCfg = Debug|Any CPU
		{59EB47B9-C0C6-4E10-9B17-3F9E9CFA650A}.Debug|Any CPU.Build.0 = Debug|Any CPU
		{59EB47B9-C0C6-4E10-9B17-3F9E9CFA650A}.Release|Any CPU.ActiveCfg = Release|Any CPU
		{59EB47B9-C0C6-4E10-9B17-3F9E9CFA650A}.Release|Any CPU.Build.0 = Release|Any CPU
	EndGlobalSection
	GlobalSection(SolutionProperties) = preSolution
		HideSolutionNode = FALSE
	EndGlobalSection
	GlobalSection(ExtensibilityGlobals) = postSolution
		SolutionGuid = {FE77B80B-50FD-4437-A03E-F8AF474AD0E0}
	EndGlobalSection
EndGlobal
