
Microsoft Visual Studio Solution File, Format Version 12.00
# Visual Studio Version 16
VisualStudioVersion = 16.0.31829.152
MinimumVisualStudioVersion = 10.0.40219.1
Project("{FAE04EC0-301F-11D3-BF4B-00C04F79EFBC}") = "Tema7", "Tema7\Tema7.csproj", "{8C99C28D-78C7-4E5F-B540-C75E9ACAE32B}"
EndProject
Global
	GlobalSection(SolutionConfigurationPlatforms) = preSolution
		Debug|Any CPU = Debug|Any CPU
		Release|Any CPU = Release|Any CPU
	EndGlobalSection
	GlobalSection(ProjectConfigurationPlatforms) = postSolution
		{8C99C28D-78C7-4E5F-B540-C75E9ACAE32B}.Debug|Any CPU.ActiveCfg = Debug|Any CPU
		{8C99C28D-78C7-4E5F-B540-C75E9ACAE32B}.Debug|Any CPU.Build.0 = Debug|Any CPU
		{8C99C28D-78C7-4E5F-B540-C75E9ACAE32B}.Release|Any CPU.ActiveCfg = Release|Any CPU
		{8C99C28D-78C7-4E5F-B540-C75E9ACAE32B}.Release|Any CPU.Build.0 = Release|Any CPU
	EndGlobalSection
	GlobalSection(SolutionProperties) = preSolution
		HideSolutionNode = FALSE
	EndGlobalSection
	GlobalSection(ExtensibilityGlobals) = postSolution
		SolutionGuid = {1221ADA1-E101-42A8-9260-686461177AB7}
	EndGlobalSection
EndGlobal
